
Microsoft Visual Studio Solution File, Format Version 12.00
# Visual Studio Version 16
VisualStudioVersion = 16.0.30204.135
MinimumVisualStudioVersion = 10.0.40219.1
Project("{FAE04EC0-301F-11D3-BF4B-00C04F79EFBC}") = "DataGrapher", "DataGrapher.csproj", "{258CBF21-AFE9-4171-AF4A-C448AE74713A}"
EndProject
Global
	GlobalSection(SolutionConfigurationPlatforms) = preSolution
		Debug|Any CPU = Debug|Any CPU
		Release|Any CPU = Release|Any CPU
	EndGlobalSection
	GlobalSection(ProjectConfigurationPlatforms) = postSolution
		{258CBF21-AFE9-4171-AF4A-C448AE74713A}.Debug|Any CPU.ActiveCfg = Debug|Any CPU
		{258CBF21-AFE9-4171-AF4A-C448AE74713A}.Debug|Any CPU.Build.0 = Debug|Any CPU
		{258CBF21-AFE9-4171-AF4A-C448AE74713A}.Release|Any CPU.ActiveCfg = Release|Any CPU
		{258CBF21-AFE9-4171-AF4A-C448AE74713A}.Release|Any CPU.Build.0 = Release|Any CPU
	EndGlobalSection
	GlobalSection(SolutionProperties) = preSolution
		HideSolutionNode = FALSE
	EndGlobalSection
	GlobalSection(ExtensibilityGlobals) = postSolution
		SolutionGuid = {4409F2BA-B9DB-432F-9F4A-2C84A282A392}
	EndGlobalSection
EndGlobal
